{
    "_readme": [
        "This file locks the dependencies of your project to a known state",
        "Read more about it at http://getcomposer.org/doc/01-basic-usage.md#composer-lock-the-lock-file"
    ],
    "hash": "08194664050a3768f09c3298f6714deb",
    "packages": [
        {
            "name": "ferno/loco",
            "version": "dev-master",
            "source": {
                "type": "git",
                "url": "https://github.com/ferno/loco.git",
                "reference": "e932723994bf0bbd90ac2855b3711b0ec068adbc"
            },
            "dist": {
                "type": "zip",
                "url": "https://api.github.com/repos/ferno/loco/zipball/e932723994bf0bbd90ac2855b3711b0ec068adbc",
                "reference": "e932723994bf0bbd90ac2855b3711b0ec068adbc",
                "shasum": ""
            },
            "require": {
                "php": ">=5.3.0"
            },
            "type": "library",
            "notification-url": "https://packagist.org/downloads/",
            "homepage": "http://qntm.org/loco",
            "keywords": [
                "lexer",
                "parser",
                "parsing"
            ],
            "time": "2013-02-07 22:32:57"
        },
        {
            "name": "maximebf/parsec",
            "version": "1.0.0",
            "source": {
                "type": "git",
                "url": "https://github.com/maximebf/parsec.git",
                "reference": "cb7ad5973b6891f5ea2b287e15deefb4a6e500af"
            },
            "dist": {
                "type": "zip",
                "url": "https://api.github.com/repos/maximebf/parsec/zipball/cb7ad5973b6891f5ea2b287e15deefb4a6e500af",
                "reference": "cb7ad5973b6891f5ea2b287e15deefb4a6e500af",
                "shasum": ""
            },
            "require": {
                "php": ">=5.3.0"
            },
            "type": "library",
            "autoload": {
                "psr-0": {
                    "Parsec": "src/"
                }
            },
            "notification-url": "https://packagist.org/downloads/",
            "license": [
                "MIT"
            ],
            "authors": [
                {
                    "name": "Maxime Bouroumeau-Fuseau",
                    "email": "maxime.bouroumeau@gmail.com",
                    "homepage": "http://maximebf.com"
                }
            ],
            "description": "Contextual parser library for PHP5.3",
            "homepage": "https://github.com/maximebf/parsec",
            "keywords": [
                "contextual",
                "lexer",
                "parser"
            ],
            "time": "2012-08-18 10:50:45"
        }
    ],
    "packages-dev": [

    ],
    "aliases": [

    ],
    "minimum-stability": "stable",
    "stability-flags": {
        "ferno/loco": 20
    },
    "platform": [

    ],
    "platform-dev": [

    ]
}
